
Microsoft Visual Studio Solution File, Format Version 12.00
# Visual Studio Version 17
VisualStudioVersion = 17.3.32922.545
MinimumVisualStudioVersion = 10.0.40219.1
Project("{9A19103F-16F7-4668-BE54-9A1E7A4F7556}") = "BlazorShowcase", "BlazorShowcase\BlazorShowcase.csproj", "{AC4C1F42-FF58-431E-975E-F06369652E66}"
EndProject
Global
	GlobalSection(SolutionConfigurationPlatforms) = preSolution
		Debug|Any CPU = Debug|Any CPU
		Release|Any CPU = Release|Any CPU
	EndGlobalSection
	GlobalSection(ProjectConfigurationPlatforms) = postSolution
		{AC4C1F42-FF58-431E-975E-F06369652E66}.Debug|Any CPU.ActiveCfg = Debug|Any CPU
		{AC4C1F42-FF58-431E-975E-F06369652E66}.Debug|Any CPU.Build.0 = Debug|Any CPU
		{AC4C1F42-FF58-431E-975E-F06369652E66}.Release|Any CPU.ActiveCfg = Release|Any CPU
		{AC4C1F42-FF58-431E-975E-F06369652E66}.Release|Any CPU.Build.0 = Release|Any CPU
	EndGlobalSection
	GlobalSection(SolutionProperties) = preSolution
		HideSolutionNode = FALSE
	EndGlobalSection
	GlobalSection(ExtensibilityGlobals) = postSolution
		SolutionGuid = {5AA0FBD5-0CFB-4BC0-9764-A9EB0E5169CA}
	EndGlobalSection
EndGlobal
